# This file is automatically @generated by Cargo.
# It is not intended for manual editing.
version = 4

[[package]]
name = "localmt"
version = "0.1.0"
dependencies = [
 "localmt-core",
 "localmt-engine",
]

[[package]]
name = "localmt-cli"
version = "0.1.0"
dependencies = [
 "localmt",
]

[[package]]
name = "localmt-core"
version = "0.1.0"

[[package]]
name = "localmt-engine"
version = "0.1.0"
dependencies = [
 "localmt-core",
]
